
Microsoft Visual Studio Solution File, Format Version 12.00
# Visual Studio 15
Project("{FAE04EC0-301F-11D3-BF4B-00C04F79EFBC}") = "SoftplanCalc.Api", "SoftplanCalc\SoftplanCalc.Api.csproj", "{2144E75E-935E-41A6-8C9D-E832D8EA7D84}"
EndProject
Project("{FAE04EC0-301F-11D3-BF4B-00C04F79EFBC}") = "SoftplanCalc.Services", "SoftplanCalc.Services\SoftplanCalc.Services.csproj", "{DD1E9336-0729-4DCA-9880-167B8B7B4465}"
EndProject
Project("{FAE04EC0-301F-11D3-BF4B-00C04F79EFBC}") = "SoftplanCalc.Models", "SoftplanCalc.Models\SoftplanCalc.Models.csproj", "{E90CFA55-6CBD-4E17-932C-ACFA9D7B0E48}"
EndProject
Project("{FAE04EC0-301F-11D3-BF4B-00C04F79EFBC}") = "SoftplanCalc.Logger", "SoftplanCalc.Logger\SoftplanCalc.Logger.csproj", "{20C54DE4-2A14-4119-83EA-DD706822489A}"
EndProject
Project("{FAE04EC0-301F-11D3-BF4B-00C04F79EFBC}") = "SoftplanCalc.Utils", "SoftplanCalc.Utils\SoftplanCalc.Utils.csproj", "{9AA7F624-E458-4076-A89A-8C6FBA0FE203}"
EndProject
Project("{FAE04EC0-301F-11D3-BF4B-00C04F79EFBC}") = "SoftplanCalc.Api.Tests", "SoftplanCalc.Api.Tests\SoftplanCalc.Api.Tests.csproj", "{81EF8FF0-0FA7-44DB-9569-C24589FB91FE}"
EndProject
Project("{2150E333-8FDC-42A3-9474-1A3956D46DE8}") = "Solution Items", "Solution Items", "{2FF57B04-E712-4F42-BCAB-0B9D6FBD4401}"
	ProjectSection(SolutionItems) = preProject
		Dockerfile = Dockerfile
		DockerfileTest = DockerfileTest
	EndProjectSection
EndProject
Global
	GlobalSection(SolutionConfigurationPlatforms) = preSolution
		Debug|Any CPU = Debug|Any CPU
		Release|Any CPU = Release|Any CPU
	EndGlobalSection
	GlobalSection(ProjectConfigurationPlatforms) = postSolution
		{2144E75E-935E-41A6-8C9D-E832D8EA7D84}.Debug|Any CPU.ActiveCfg = Debug|Any CPU
		{2144E75E-935E-41A6-8C9D-E832D8EA7D84}.Debug|Any CPU.Build.0 = Debug|Any CPU
		{2144E75E-935E-41A6-8C9D-E832D8EA7D84}.Release|Any CPU.ActiveCfg = Release|Any CPU
		{2144E75E-935E-41A6-8C9D-E832D8EA7D84}.Release|Any CPU.Build.0 = Release|Any CPU
		{DD1E9336-0729-4DCA-9880-167B8B7B4465}.Debug|Any CPU.ActiveCfg = Debug|Any CPU
		{DD1E9336-0729-4DCA-9880-167B8B7B4465}.Debug|Any CPU.Build.0 = Debug|Any CPU
		{DD1E9336-0729-4DCA-9880-167B8B7B4465}.Release|Any CPU.ActiveCfg = Release|Any CPU
		{DD1E9336-0729-4DCA-9880-167B8B7B4465}.Release|Any CPU.Build.0 = Release|Any CPU
		{E90CFA55-6CBD-4E17-932C-ACFA9D7B0E48}.Debug|Any CPU.ActiveCfg = Debug|Any CPU
		{E90CFA55-6CBD-4E17-932C-ACFA9D7B0E48}.Debug|Any CPU.Build.0 = Debug|Any CPU
		{E90CFA55-6CBD-4E17-932C-ACFA9D7B0E48}.Release|Any CPU.ActiveCfg = Release|Any CPU
		{E90CFA55-6CBD-4E17-932C-ACFA9D7B0E48}.Release|Any CPU.Build.0 = Release|Any CPU
		{20C54DE4-2A14-4119-83EA-DD706822489A}.Debug|Any CPU.ActiveCfg = Debug|Any CPU
		{20C54DE4-2A14-4119-83EA-DD706822489A}.Debug|Any CPU.Build.0 = Debug|Any CPU
		{20C54DE4-2A14-4119-83EA-DD706822489A}.Release|Any CPU.ActiveCfg = Release|Any CPU
		{20C54DE4-2A14-4119-83EA-DD706822489A}.Release|Any CPU.Build.0 = Release|Any CPU
		{9AA7F624-E458-4076-A89A-8C6FBA0FE203}.Debug|Any CPU.ActiveCfg = Debug|Any CPU
		{9AA7F624-E458-4076-A89A-8C6FBA0FE203}.Debug|Any CPU.Build.0 = Debug|Any CPU
		{9AA7F624-E458-4076-A89A-8C6FBA0FE203}.Release|Any CPU.ActiveCfg = Release|Any CPU
		{9AA7F624-E458-4076-A89A-8C6FBA0FE203}.Release|Any CPU.Build.0 = Release|Any CPU
		{81EF8FF0-0FA7-44DB-9569-C24589FB91FE}.Debug|Any CPU.ActiveCfg = Debug|Any CPU
		{81EF8FF0-0FA7-44DB-9569-C24589FB91FE}.Debug|Any CPU.Build.0 = Debug|Any CPU
		{81EF8FF0-0FA7-44DB-9569-C24589FB91FE}.Release|Any CPU.ActiveCfg = Release|Any CPU
		{81EF8FF0-0FA7-44DB-9569-C24589FB91FE}.Release|Any CPU.Build.0 = Release|Any CPU
	EndGlobalSection
EndGlobal
